{
    "name": "bbs",
    "lockfileVersion": 3,
    "requires": true,
    "packages": {
        "": {
            "dependencies": {
                "@types/node": "^22.5.0",
                "dotenv": "^16.4.5"
            },
            "devDependencies": {
                "axios": "^1.7.2",
                "csv": "^6.3.10"
            }
        },
        "node_modules/@types/node": {
            "version": "22.5.0",
            "resolved": "https://mirrors.cloud.tencent.com/npm/@types/node/-/node-22.5.0.tgz",
            "integrity": "sha512-DkFrJOe+rfdHTqqMg0bSNlGlQ85hSoh2TPzZyhHsXnMtligRWpxUySiyw8FY14ITt24HVCiQPWxS3KO/QlGmWg==",
            "license": "MIT",
            "dependencies": {
                "undici-types": "~6.19.2"
            }
        },
        "node_modules/asynckit": {
            "version": "0.4.0",
            "resolved": "https://mirrors.cloud.tencent.com/npm/asynckit/-/asynckit-0.4.0.tgz",
            "integrity": "sha512-Oei9OH4tRh0YqU3GxhX79dM/mwVgvbZJaSNaRk+bshkj0S5cfHcgYakreBjrHwatXKbz+IoIdYLxrKim2MjW0Q==",
            "dev": true,
            "license": "MIT"
        },
        "node_modules/axios": {
            "version": "1.7.2",
            "resolved": "https://mirrors.cloud.tencent.com/npm/axios/-/axios-1.7.2.tgz",
            "integrity": "sha512-2A8QhOMrbomlDuiLeK9XibIBzuHeRcqqNOHp0Cyp5EoJ1IFDh+XZH3A6BkXtv0K4gFGCI0Y4BM7B1wOEi0Rmgw==",
            "dev": true,
            "license": "MIT",
            "dependencies": {
                "follow-redirects": "^1.15.6",
                "form-data": "^4.0.0",
                "proxy-from-env": "^1.1.0"
            }
        },
        "node_modules/combined-stream": {
            "version": "1.0.8",
            "resolved": "https://mirrors.cloud.tencent.com/npm/combined-stream/-/combined-stream-1.0.8.tgz",
            "integrity": "sha512-FQN4MRfuJeHf7cBbBMJFXhKSDq+2kAArBlmRBvcvFE5BB1HZKXtSFASDhdlz9zOYwxh8lDdnvmMOe/+5cdoEdg==",
            "dev": true,
            "license": "MIT",
            "dependencies": {
                "delayed-stream": "~1.0.0"
            },
            "engines": {
                "node": ">= 0.8"
            }
        },
        "node_modules/csv": {
            "version": "6.3.10",
            "resolved": "https://mirrors.cloud.tencent.com/npm/csv/-/csv-6.3.10.tgz",
            "integrity": "sha512-5NYZG4AN2ZUthmNxIudgBEdMPUnbQHu9V4QTzBPqQzUP3KQsFiJo+8HQ0+oVxj1PomIT1/f67VI1QH/hsrZLKA==",
            "dev": true,
            "license": "MIT",
            "dependencies": {
                "csv-generate": "^4.4.1",
                "csv-parse": "^5.5.6",
                "csv-stringify": "^6.5.1",
                "stream-transform": "^3.3.2"
            },
            "engines": {
                "node": ">= 0.1.90"
            }
        },
        "node_modules/csv-generate": {
            "version": "4.4.1",
            "resolved": "https://mirrors.cloud.tencent.com/npm/csv-generate/-/csv-generate-4.4.1.tgz",
            "integrity": "sha512-O/einO0v4zPmXaOV+sYqGa02VkST4GP5GLpWBNHEouIU7pF3kpGf3D0kCCvX82ydIY4EKkOK+R8b1BYsRXravg==",
            "dev": true,
            "license": "MIT"
        },
        "node_modules/csv-parse": {
            "version": "5.5.6",
            "resolved": "https://mirrors.cloud.tencent.com/npm/csv-parse/-/csv-parse-5.5.6.tgz",
            "integrity": "sha512-uNpm30m/AGSkLxxy7d9yRXpJQFrZzVWLFBkS+6ngPcZkw/5k3L/jjFuj7tVnEpRn+QgmiXr21nDlhCiUK4ij2A==",
            "dev": true,
            "license": "MIT"
        },
        "node_modules/csv-stringify": {
            "version": "6.5.1",
            "resolved": "https://mirrors.cloud.tencent.com/npm/csv-stringify/-/csv-stringify-6.5.1.tgz",
            "integrity": "sha512-+9lpZfwpLntpTIEpFbwQyWuW/hmI/eHuJZD1XzeZpfZTqkf1fyvBbBLXTJJMsBuuS11uTShMqPwzx4A6ffXgRQ==",
            "dev": true,
            "license": "MIT"
        },
        "node_modules/delayed-stream": {
            "version": "1.0.0",
            "resolved": "https://mirrors.cloud.tencent.com/npm/delayed-stream/-/delayed-stream-1.0.0.tgz",
            "integrity": "sha512-ZySD7Nf91aLB0RxL4KGrKHBXl7Eds1DAmEdcoVawXnLD7SDhpNgtuII2aAkg7a7QS41jxPSZ17p4VdGnMHk3MQ==",
            "dev": true,
            "license": "MIT",
            "engines": {
                "node": ">=0.4.0"
            }
        },
        "node_modules/dotenv": {
            "version": "16.4.5",
            "resolved": "https://mirrors.cloud.tencent.com/npm/dotenv/-/dotenv-16.4.5.tgz",
            "integrity": "sha512-ZmdL2rui+eB2YwhsWzjInR8LldtZHGDoQ1ugH85ppHKwpUHL7j7rN0Ti9NCnGiQbhaZ11FpR+7ao1dNsmduNUg==",
            "license": "BSD-2-Clause",
            "engines": {
                "node": ">=12"
            },
            "funding": {
                "url": "https://dotenvx.com"
            }
        },
        "node_modules/follow-redirects": {
            "version": "1.15.6",
            "resolved": "https://mirrors.cloud.tencent.com/npm/follow-redirects/-/follow-redirects-1.15.6.tgz",
            "integrity": "sha512-wWN62YITEaOpSK584EZXJafH1AGpO8RVgElfkuXbTOrPX4fIfOyEpW/CsiNd8JdYrAoOvafRTOEnvsO++qCqFA==",
            "dev": true,
            "funding": [
                {
                    "type": "individual",
                    "url": "https://github.com/sponsors/RubenVerborgh"
                }
            ],
            "license": "MIT",
            "engines": {
                "node": ">=4.0"
            },
            "peerDependenciesMeta": {
                "debug": {
                    "optional": true
                }
            }
        },
        "node_modules/form-data": {
            "version": "4.0.0",
            "resolved": "https://mirrors.cloud.tencent.com/npm/form-data/-/form-data-4.0.0.tgz",
            "integrity": "sha512-ETEklSGi5t0QMZuiXoA/Q6vcnxcLQP5vdugSpuAyi6SVGi2clPPp+xgEhuMaHC+zGgn31Kd235W35f7Hykkaww==",
            "dev": true,
            "license": "MIT",
            "dependencies": {
                "asynckit": "^0.4.0",
                "combined-stream": "^1.0.8",
                "mime-types": "^2.1.12"
            },
            "engines": {
                "node": ">= 6"
            }
        },
        "node_modules/mime-db": {
            "version": "1.52.0",
            "resolved": "https://mirrors.cloud.tencent.com/npm/mime-db/-/mime-db-1.52.0.tgz",
            "integrity": "sha512-sPU4uV7dYlvtWJxwwxHD0PuihVNiE7TyAbQ5SWxDCB9mUYvOgroQOwYQQOKPJ8CIbE+1ETVlOoK1UC2nU3gYvg==",
            "dev": true,
            "license": "MIT",
            "engines": {
                "node": ">= 0.6"
            }
        },
        "node_modules/mime-types": {
            "version": "2.1.35",
            "resolved": "https://mirrors.cloud.tencent.com/npm/mime-types/-/mime-types-2.1.35.tgz",
            "integrity": "sha512-ZDY+bPm5zTTF+YpCrAU9nK0UgICYPT0QtT1NZWFv4s++TNkcgVaT0g6+4R2uI4MjQjzysHB1zxuWL50hzaeXiw==",
            "dev": true,
            "license": "MIT",
            "dependencies": {
                "mime-db": "1.52.0"
            },
            "engines": {
                "node": ">= 0.6"
            }
        },
        "node_modules/proxy-from-env": {
            "version": "1.1.0",
            "resolved": "https://mirrors.cloud.tencent.com/npm/proxy-from-env/-/proxy-from-env-1.1.0.tgz",
            "integrity": "sha512-D+zkORCbA9f1tdWRK0RaCR3GPv50cMxcrz4X8k5LTSUD1Dkw47mKJEZQNunItRTkWwgtaUSo1RVFRIG9ZXiFYg==",
            "dev": true,
            "license": "MIT"
        },
        "node_modules/stream-transform": {
            "version": "3.3.2",
            "resolved": "https://mirrors.cloud.tencent.com/npm/stream-transform/-/stream-transform-3.3.2.tgz",
            "integrity": "sha512-v64PUnPy9Qw94NGuaEMo+9RHQe4jTBYf+NkTtqkCgeuiNo8NlL0LtLR7fkKWNVFtp3RhIm5Dlxkgm5uz7TDimQ==",
            "dev": true,
            "license": "MIT"
        },
        "node_modules/undici-types": {
            "version": "6.19.8",
            "resolved": "https://mirrors.cloud.tencent.com/npm/undici-types/-/undici-types-6.19.8.tgz",
            "integrity": "sha512-ve2KP6f/JnbPBFyobGHuerC9g1FYGn/F8n1LWTwNxCEzd6IfqTwUQcNXgEtmmQ6DlRrC1hrSrBnCZPokRrDHjw==",
            "license": "MIT"
        }
    }
}
